
Microsoft Visual Studio Solution File, Format Version 12.00
# Visual Studio Version 17
VisualStudioVersion = 17.0.31903.59
MinimumVisualStudioVersion = 10.0.40219.1
Project("{FAE04EC0-301F-11D3-BF4B-00C04F79EFBC}") = "M2Manager.Shared", "M2Manager.Shared\M2Manager.Shared.csproj", "{C6C23D80-1513-42C8-BC5A-D4EA1DAD8E3E}"
EndProject
Project("{FAE04EC0-301F-11D3-BF4B-00C04F79EFBC}") = "M2Manager.Api", "M2Manager.Api\M2Manager.Api.csproj", "{EC7F2D8D-904E-48F4-B819-4C2641AC2543}"
EndProject
Project("{FAE04EC0-301F-11D3-BF4B-00C04F79EFBC}") = "M2Manager.Client", "M2Manager.Client\M2Manager.Client.csproj", "{1655E85D-A0D7-41C4-87B3-10C303EF0E46}"
EndProject
Project("{FAE04EC0-301F-11D3-BF4B-00C04F79EFBC}") = "M2Manager.Tests", "M2Manager.Tests\M2Manager.Tests.csproj", "{82004E84-737F-42A4-A0A7-5827574CD35E}"
EndProject
Global
	GlobalSection(SolutionConfigurationPlatforms) = preSolution
		Debug|Any CPU = Debug|Any CPU
		Debug|x64 = Debug|x64
		Debug|x86 = Debug|x86
		Release|Any CPU = Release|Any CPU
		Release|x64 = Release|x64
		Release|x86 = Release|x86
	EndGlobalSection
	GlobalSection(ProjectConfigurationPlatforms) = postSolution
		{C6C23D80-1513-42C8-BC5A-D4EA1DAD8E3E}.Debug|Any CPU.ActiveCfg = Debug|Any CPU
		{C6C23D80-1513-42C8-BC5A-D4EA1DAD8E3E}.Debug|Any CPU.Build.0 = Debug|Any CPU
		{C6C23D80-1513-42C8-BC5A-D4EA1DAD8E3E}.Debug|x64.ActiveCfg = Debug|Any CPU
		{C6C23D80-1513-42C8-BC5A-D4EA1DAD8E3E}.Debug|x64.Build.0 = Debug|Any CPU
		{C6C23D80-1513-42C8-BC5A-D4EA1DAD8E3E}.Debug|x86.ActiveCfg = Debug|Any CPU
		{C6C23D80-1513-42C8-BC5A-D4EA1DAD8E3E}.Debug|x86.Build.0 = Debug|Any CPU
		{C6C23D80-1513-42C8-BC5A-D4EA1DAD8E3E}.Release|Any CPU.ActiveCfg = Release|Any CPU
		{C6C23D80-1513-42C8-BC5A-D4EA1DAD8E3E}.Release|Any CPU.Build.0 = Release|Any CPU
		{C6C23D80-1513-42C8-BC5A-D4EA1DAD8E3E}.Release|x64.ActiveCfg = Release|Any CPU
		{C6C23D80-1513-42C8-BC5A-D4EA1DAD8E3E}.Release|x64.Build.0 = Release|Any CPU
		{C6C23D80-1513-42C8-BC5A-D4EA1DAD8E3E}.Release|x86.ActiveCfg = Release|Any CPU
		{C6C23D80-1513-42C8-BC5A-D4EA1DAD8E3E}.Release|x86.Build.0 = Release|Any CPU
		{EC7F2D8D-904E-48F4-B819-4C2641AC2543}.Debug|Any CPU.ActiveCfg = Debug|Any CPU
		{EC7F2D8D-904E-48F4-B819-4C2641AC2543}.Debug|Any CPU.Build.0 = Debug|Any CPU
		{EC7F2D8D-904E-48F4-B819-4C2641AC2543}.Debug|x64.ActiveCfg = Debug|Any CPU
		{EC7F2D8D-904E-48F4-B819-4C2641AC2543}.Debug|x64.Build.0 = Debug|Any CPU
		{EC7F2D8D-904E-48F4-B819-4C2641AC2543}.Debug|x86.ActiveCfg = Debug|Any CPU
		{EC7F2D8D-904E-48F4-B819-4C2641AC2543}.Debug|x86.Build.0 = Debug|Any CPU
		{EC7F2D8D-904E-48F4-B819-4C2641AC2543}.Release|Any CPU.ActiveCfg = Release|Any CPU
		{EC7F2D8D-904E-48F4-B819-4C2641AC2543}.Release|Any CPU.Build.0 = Release|Any CPU
		{EC7F2D8D-904E-48F4-B819-4C2641AC2543}.Release|x64.ActiveCfg = Release|Any CPU
		{EC7F2D8D-904E-48F4-B819-4C2641AC2543}.Release|x64.Build.0 = Release|Any CPU
		{EC7F2D8D-904E-48F4-B819-4C2641AC2543}.Release|x86.ActiveCfg = Release|Any CPU
		{EC7F2D8D-904E-48F4-B819-4C2641AC2543}.Release|x86.Build.0 = Release|Any CPU
		{1655E85D-A0D7-41C4-87B3-10C303EF0E46}.Debug|Any CPU.ActiveCfg = Debug|Any CPU
		{1655E85D-A0D7-41C4-87B3-10C303EF0E46}.Debug|Any CPU.Build.0 = Debug|Any CPU
		{1655E85D-A0D7-41C4-87B3-10C303EF0E46}.Debug|x64.ActiveCfg = Debug|Any CPU
		{1655E85D-A0D7-41C4-87B3-10C303EF0E46}.Debug|x64.Build.0 = Debug|Any CPU
		{1655E85D-A0D7-41C4-87B3-10C303EF0E46}.Debug|x86.ActiveCfg = Debug|Any CPU
		{1655E85D-A0D7-41C4-87B3-10C303EF0E46}.Debug|x86.Build.0 = Debug|Any CPU
		{1655E85D-A0D7-41C4-87B3-10C303EF0E46}.Release|Any CPU.ActiveCfg = Release|Any CPU
		{1655E85D-A0D7-41C4-87B3-10C303EF0E46}.Release|Any CPU.Build.0 = Release|Any CPU
		{1655E85D-A0D7-41C4-87B3-10C303EF0E46}.Release|x64.ActiveCfg = Release|Any CPU
		{1655E85D-A0D7-41C4-87B3-10C303EF0E46}.Release|x64.Build.0 = Release|Any CPU
		{1655E85D-A0D7-41C4-87B3-10C303EF0E46}.Release|x86.ActiveCfg = Release|Any CPU
		{1655E85D-A0D7-41C4-87B3-10C303EF0E46}.Release|x86.Build.0 = Release|Any CPU
		{82004E84-737F-42A4-A0A7-5827574CD35E}.Debug|Any CPU.ActiveCfg = Debug|Any CPU
		{82004E84-737F-42A4-A0A7-5827574CD35E}.Debug|Any CPU.Build.0 = Debug|Any CPU
		{82004E84-737F-42A4-A0A7-5827574CD35E}.Debug|x64.ActiveCfg = Debug|Any CPU
		{82004E84-737F-42A4-A0A7-5827574CD35E}.Debug|x64.Build.0 = Debug|Any CPU
		{82004E84-737F-42A4-A0A7-5827574CD35E}.Debug|x86.ActiveCfg = Debug|Any CPU
		{82004E84-737F-42A4-A0A7-5827574CD35E}.Debug|x86.Build.0 = Debug|Any CPU
		{82004E84-737F-42A4-A0A7-5827574CD35E}.Release|Any CPU.ActiveCfg = Release|Any CPU
		{82004E84-737F-42A4-A0A7-5827574CD35E}.Release|Any CPU.Build.0 = Release|Any CPU
		{82004E84-737F-42A4-A0A7-5827574CD35E}.Release|x64.ActiveCfg = Release|Any CPU
		{82004E84-737F-42A4-A0A7-5827574CD35E}.Release|x64.Build.0 = Release|Any CPU
		{82004E84-737F-42A4-A0A7-5827574CD35E}.Release|x86.ActiveCfg = Release|Any CPU
		{82004E84-737F-42A4-A0A7-5827574CD35E}.Release|x86.Build.0 = Release|Any CPU
	EndGlobalSection
	GlobalSection(SolutionProperties) = preSolution
		HideSolutionNode = FALSE
	EndGlobalSection
EndGlobal
